Microsoft Visual Studio Solution File, Format Version 12.00
# Visual Studio 2012
Project("{FAE04EC0-301F-11D3-BF4B-00C04F79EFBC}") = "Szak", "Szak.csproj", "{95DA8C2C-5B87-4778-B5BD-95F8367B87FD}"
EndProject
Global
	GlobalSection(SolutionConfigurationPlatforms) = preSolution
	Debug|Any CPU = Debug|Any CPU
	ExportDebug|Any CPU = ExportDebug|Any CPU
	ExportRelease|Any CPU = ExportRelease|Any CPU
	EndGlobalSection
	GlobalSection(ProjectConfigurationPlatforms) = postSolution
		{95DA8C2C-5B87-4778-B5BD-95F8367B87FD}.Debug|Any CPU.ActiveCfg = Debug|Any CPU
		{95DA8C2C-5B87-4778-B5BD-95F8367B87FD}.Debug|Any CPU.Build.0 = Debug|Any CPU
		{95DA8C2C-5B87-4778-B5BD-95F8367B87FD}.ExportDebug|Any CPU.ActiveCfg = ExportDebug|Any CPU
		{95DA8C2C-5B87-4778-B5BD-95F8367B87FD}.ExportDebug|Any CPU.Build.0 = ExportDebug|Any CPU
		{95DA8C2C-5B87-4778-B5BD-95F8367B87FD}.ExportRelease|Any CPU.ActiveCfg = ExportRelease|Any CPU
		{95DA8C2C-5B87-4778-B5BD-95F8367B87FD}.ExportRelease|Any CPU.Build.0 = ExportRelease|Any CPU
	EndGlobalSection
EndGlobal
